PODS:
  - MyDogsGallery (0.6.0):
    - RealmSwift (~> 10.0)
  - ReachabilitySwift (5.2.3)
  - Realm (10.52.2):
    - Realm/Headers (= 10.52.2)
  - Realm/Headers (10.52.2)
  - RealmSwift (10.52.2):
    - Realm (= 10.52.2)
  - SDWebImage (5.19.4):
    - SDWebImage/Core (= 5.19.4)
  - SDWebImage/Core (5.19.4)
  - SnapKit (5.7.1)

DEPENDENCIES:
  - MyDogsGallery (~> 0.6.0)
  - ReachabilitySwift
  - RealmSwift (~> 10)
  - SDWebImage (~> 5.0)
  - SnapKit (~> 5.7.0)

SPEC REPOS:
  https://github.com/CocoaPods/Specs.git:
    - Realm
    - RealmSwift
  https://github.com/kapilkhedkar/MDGPrivateSpecs.git:
    - MyDogsGallery
  trunk:
    - ReachabilitySwift
    - SDWebImage
    - SnapKit

SPEC CHECKSUMS:
  MyDogsGallery: d66ac684fd771390e5995d4f31c89128c1f9212a
  ReachabilitySwift: 7f151ff156cea1481a8411701195ac6a984f4979
  Realm: e44eb7d20fe469fe1179894fd356727b8fbe61c2
  RealmSwift: 7aacbd3101158f7d54c930bcfcfaafadbd376ffc
  SDWebImage: 066c47b573f408f18caa467d71deace7c0f8280d
  SnapKit: d612e99e678a2d3b95bf60b0705ed0a35c03484a

PODFILE CHECKSUM: 30fd70f49f1b6c8a7522620c20a2fa6a5f9ebbe9

COCOAPODS: 1.15.2
