// !$*UTF8*$!
{
	archiveVersion = 1;
	classes = {
	};
	objectVersion = 56;
	objects = {

/* Begin PBXBuildFile section */
		BD5C18C42C4BF0180095CCD0 /* GridViewController.swift in Sources */ = {isa = PBXBuildFile; fileRef = BD5C18C32C4BF0180095CCD0 /* GridViewController.swift */; };
		BD5C18C62C4BF18D0095CCD0 /* HomeViewController.swift in Sources */ = {isa = PBXBuildFile; fileRef = BD5C18C52C4BF18D0095CCD0 /* HomeViewController.swift */; };
		BD5C18C82C4BF1C80095CCD0 /* HomeViewModel.swift in Sources */ = {isa = PBXBuildFile; fileRef = BD5C18C72C4BF1C80095CCD0 /* HomeViewModel.swift */; };
		BD5C18CF2C4BF6ED0095CCD0 /* Montserrat-Regular.ttf in Resources */ = {isa = PBXBuildFile; fileRef = BD5C18CC2C4BF6ED0095CCD0 /* Montserrat-Regular.ttf */; };
		BD5C18D02C4BF6ED0095CCD0 /* Montserrat-SemiBold.ttf in Resources */ = {isa = PBXBuildFile; fileRef = BD5C18CD2C4BF6ED0095CCD0 /* Montserrat-SemiBold.ttf */; };
		BD5C18D22C4BF7270095CCD0 /* UIFont+Extension.swift in Sources */ = {isa = PBXBuildFile; fileRef = BD5C18D12C4BF7270095CCD0 /* UIFont+Extension.swift */; };
		BDDDF6C02C4BE5E700362DED /* AppDelegate.swift in Sources */ = {isa = PBXBuildFile; fileRef = BDDDF6BF2C4BE5E700362DED /* AppDelegate.swift */; };
		BDDDF6C72C4BE5E700362DED /* Base in Resources */ = {isa = PBXBuildFile; fileRef = BDDDF6C62C4BE5E700362DED /* Base */; };
		BDDDF6C92C4BE5E900362DED /* Assets.xcassets in Resources */ = {isa = PBXBuildFile; fileRef = BDDDF6C82C4BE5E900362DED /* Assets.xcassets */; };
		BDDDF6CC2C4BE5E900362DED /* Base in Resources */ = {isa = PBXBuildFile; fileRef = BDDDF6CB2C4BE5E900362DED /* Base */; };
		E561D4C40849E78D77701710 /* Pods_PawPics.framework in Frameworks */ = {isa = PBXBuildFile; fileRef = 3FF08B52195885C69832F7D0 /* Pods_PawPics.framework */; };
/* End PBXBuildFile section */

/* Begin PBXFileReference section */
		3FF08B52195885C69832F7D0 /* Pods_PawPics.framework */ = {isa = PBXFileReference; explicitFileType = wrapper.framework; includeInIndex = 0; path = Pods_PawPics.framework; sourceTree = BUILT_PRODUCTS_DIR; };
		680F74F87D30E6944437DB5F /* Pods-PawPics.debug.xcconfig */ = {isa = PBXFileReference; includeInIndex = 1; lastKnownFileType = text.xcconfig; name = "Pods-PawPics.debug.xcconfig"; path = "Target Support Files/Pods-PawPics/Pods-PawPics.debug.xcconfig"; sourceTree = "<group>"; };
		722E029FF2B7513974DCE915 /* Pods-PawPics.release.xcconfig */ = {isa = PBXFileReference; includeInIndex = 1; lastKnownFileType = text.xcconfig; name = "Pods-PawPics.release.xcconfig"; path = "Target Support Files/Pods-PawPics/Pods-PawPics.release.xcconfig"; sourceTree = "<group>"; };
		BD5C18C32C4BF0180095CCD0 /* GridViewController.swift */ = {isa = PBXFileReference; lastKnownFileType = sourcecode.swift; path = GridViewController.swift; sourceTree = "<group>"; };
		BD5C18C52C4BF18D0095CCD0 /* HomeViewController.swift */ = {isa = PBXFileReference; lastKnownFileType = sourcecode.swift; path = HomeViewController.swift; sourceTree = "<group>"; };
		BD5C18C72C4BF1C80095CCD0 /* HomeViewModel.swift */ = {isa = PBXFileReference; lastKnownFileType = sourcecode.swift; path = HomeViewModel.swift; sourceTree = "<group>"; };
		BD5C18CC2C4BF6ED0095CCD0 /* Montserrat-Regular.ttf */ = {isa = PBXFileReference; lastKnownFileType = file; path = "Montserrat-Regular.ttf"; sourceTree = "<group>"; };
		BD5C18CD2C4BF6ED0095CCD0 /* Montserrat-SemiBold.ttf */ = {isa = PBXFileReference; lastKnownFileType = file; path = "Montserrat-SemiBold.ttf"; sourceTree = "<group>"; };
		BD5C18D12C4BF7270095CCD0 /* UIFont+Extension.swift */ = {isa = PBXFileReference; lastKnownFileType = sourcecode.swift; path = "UIFont+Extension.swift"; sourceTree = "<group>"; };
		BDDDF6BC2C4BE5E700362DED /* PawPics.app */ = {isa = PBXFileReference; explicitFileType = wrapper.application; includeInIndex = 0; path = PawPics.app; sourceTree = BUILT_PRODUCTS_DIR; };
		BDDDF6BF2C4BE5E700362DED /* AppDelegate.swift */ = {isa = PBXFileReference; lastKnownFileType = sourcecode.swift; path = AppDelegate.swift; sourceTree = "<group>"; };
		BDDDF6C62C4BE5E700362DED /* Base */ = {isa = PBXFileReference; lastKnownFileType = file.storyboard; name = Base; path = Base.lproj/Main.storyboard; sourceTree = "<group>"; };
		BDDDF6C82C4BE5E900362DED /* Assets.xcassets */ = {isa = PBXFileReference; lastKnownFileType = folder.assetcatalog; path = Assets.xcassets; sourceTree = "<group>"; };
		BDDDF6CB2C4BE5E900362DED /* Base */ = {isa = PBXFileReference; lastKnownFileType = file.storyboard; name = Base; path = Base.lproj/LaunchScreen.storyboard; sourceTree = "<group>"; };
		BDDDF6CD2C4BE5E900362DED /* Info.plist */ = {isa = PBXFileReference; lastKnownFileType = text.plist.xml; path = Info.plist; sourceTree = "<group>"; };
/* End PBXFileReference section */

/* Begin PBXFrameworksBuildPhase section */
		BDDDF6B92C4BE5E700362DED /* Frameworks */ = {
			isa = PBXFrameworksBuildPhase;
			buildActionMask = 2147483647;
			files = (
				E561D4C40849E78D77701710 /* Pods_PawPics.framework in Frameworks */,
			);
			runOnlyForDeploymentPostprocessing = 0;
		};
/* End PBXFrameworksBuildPhase section */

/* Begin PBXGroup section */
		1F63A93F4F74D4E274B8C564 /* Frameworks */ = {
			isa = PBXGroup;
			children = (
				3FF08B52195885C69832F7D0 /* Pods_PawPics.framework */,
			);
			name = Frameworks;
			sourceTree = "<group>";
		};
		6EED9FDDB0ADD612B39F7A34 /* Pods */ = {
			isa = PBXGroup;
			children = (
				680F74F87D30E6944437DB5F /* Pods-PawPics.debug.xcconfig */,
				722E029FF2B7513974DCE915 /* Pods-PawPics.release.xcconfig */,
			);
			path = Pods;
			sourceTree = "<group>";
		};
		BD5C18BF2C4BEE010095CCD0 /* ViewControllers */ = {
			isa = PBXGroup;
			children = (
				BD5C18C52C4BF18D0095CCD0 /* HomeViewController.swift */,
				BD5C18C32C4BF0180095CCD0 /* GridViewController.swift */,
			);
			path = ViewControllers;
			sourceTree = "<group>";
		};
		BD5C18C02C4BEE0C0095CCD0 /* ViewModels */ = {
			isa = PBXGroup;
			children = (
				BD5C18C72C4BF1C80095CCD0 /* HomeViewModel.swift */,
			);
			path = ViewModels;
			sourceTree = "<group>";
		};
		BD5C18C12C4BEE220095CCD0 /* Models */ = {
			isa = PBXGroup;
			children = (
			);
			path = Models;
			sourceTree = "<group>";
		};
		BD5C18C22C4BEF590095CCD0 /* Views */ = {
			isa = PBXGroup;
			children = (
			);
			path = Views;
			sourceTree = "<group>";
		};
		BD5C18C92C4BF6AE0095CCD0 /* Utils */ = {
			isa = PBXGroup;
			children = (
				BD5C18CA2C4BF6B30095CCD0 /* Fonts */,
				BD5C18D12C4BF7270095CCD0 /* UIFont+Extension.swift */,
			);
			path = Utils;
			sourceTree = "<group>";
		};
		BD5C18CA2C4BF6B30095CCD0 /* Fonts */ = {
			isa = PBXGroup;
			children = (
				BD5C18CC2C4BF6ED0095CCD0 /* Montserrat-Regular.ttf */,
				BD5C18CD2C4BF6ED0095CCD0 /* Montserrat-SemiBold.ttf */,
			);
			path = Fonts;
			sourceTree = "<group>";
		};
		BDDDF6B32C4BE5E700362DED = {
			isa = PBXGroup;
			children = (
				BDDDF6BE2C4BE5E700362DED /* PawPics */,
				BDDDF6BD2C4BE5E700362DED /* Products */,
				6EED9FDDB0ADD612B39F7A34 /* Pods */,
				1F63A93F4F74D4E274B8C564 /* Frameworks */,
			);
			sourceTree = "<group>";
		};
		BDDDF6BD2C4BE5E700362DED /* Products */ = {
			isa = PBXGroup;
			children = (
				BDDDF6BC2C4BE5E700362DED /* PawPics.app */,
			);
			name = Products;
			sourceTree = "<group>";
		};
		BDDDF6BE2C4BE5E700362DED /* PawPics */ = {
			isa = PBXGroup;
			children = (
				BD5C18C92C4BF6AE0095CCD0 /* Utils */,
				BD5C18C22C4BEF590095CCD0 /* Views */,
				BD5C18C12C4BEE220095CCD0 /* Models */,
				BD5C18C02C4BEE0C0095CCD0 /* ViewModels */,
				BD5C18BF2C4BEE010095CCD0 /* ViewControllers */,
				BDDDF6BF2C4BE5E700362DED /* AppDelegate.swift */,
				BDDDF6C52C4BE5E700362DED /* Main.storyboard */,
				BDDDF6C82C4BE5E900362DED /* Assets.xcassets */,
				BDDDF6CA2C4BE5E900362DED /* LaunchScreen.storyboard */,
				BDDDF6CD2C4BE5E900362DED /* Info.plist */,
			);
			path = PawPics;
			sourceTree = "<group>";
		};
/* End PBXGroup section */

/* Begin PBXNativeTarget section */
		BDDDF6BB2C4BE5E700362DED /* PawPics */ = {
			isa = PBXNativeTarget;
			buildConfigurationList = BDDDF6D02C4BE5E900362DED /* Build configuration list for PBXNativeTarget "PawPics" */;
			buildPhases = (
				E71E8762252151451283ACC8 /* [CP] Check Pods Manifest.lock */,
				BDDDF6B82C4BE5E700362DED /* Sources */,
				BDDDF6B92C4BE5E700362DED /* Frameworks */,
				BDDDF6BA2C4BE5E700362DED /* Resources */,
				A4CAC77129FF98B60035FD5F /* [CP] Embed Pods Frameworks */,
			);
			buildRules = (
			);
			dependencies = (
			);
			name = PawPics;
			productName = PawPics;
			productReference = BDDDF6BC2C4BE5E700362DED /* PawPics.app */;
			productType = "com.apple.product-type.application";
		};
/* End PBXNativeTarget section */

/* Begin PBXProject section */
		BDDDF6B42C4BE5E700362DED /* Project object */ = {
			isa = PBXProject;
			attributes = {
				BuildIndependentTargetsInParallel = 1;
				LastSwiftUpdateCheck = 1540;
				LastUpgradeCheck = 1540;
				TargetAttributes = {
					BDDDF6BB2C4BE5E700362DED = {
						CreatedOnToolsVersion = 15.4;
					};
				};
			};
			buildConfigurationList = BDDDF6B72C4BE5E700362DED /* Build configuration list for PBXProject "PawPics" */;
			compatibilityVersion = "Xcode 14.0";
			developmentRegion = en;
			hasScannedForEncodings = 0;
			knownRegions = (
				en,
				Base,
			);
			mainGroup = BDDDF6B32C4BE5E700362DED;
			productRefGroup = BDDDF6BD2C4BE5E700362DED /* Products */;
			projectDirPath = "";
			projectRoot = "";
			targets = (
				BDDDF6BB2C4BE5E700362DED /* PawPics */,
			);
		};
/* End PBXProject section */

/* Begin PBXResourcesBuildPhase section */
		BDDDF6BA2C4BE5E700362DED /* Resources */ = {
			isa = PBXResourcesBuildPhase;
			buildActionMask = 2147483647;
			files = (
				BD5C18D02C4BF6ED0095CCD0 /* Montserrat-SemiBold.ttf in Resources */,
				BDDDF6C92C4BE5E900362DED /* Assets.xcassets in Resources */,
				BDDDF6CC2C4BE5E900362DED /* Base in Resources */,
				BD5C18CF2C4BF6ED0095CCD0 /* Montserrat-Regular.ttf in Resources */,
				BDDDF6C72C4BE5E700362DED /* Base in Resources */,
			);
			runOnlyForDeploymentPostprocessing = 0;
		};
/* End PBXResourcesBuildPhase section */

/* Begin PBXShellScriptBuildPhase section */
		A4CAC77129FF98B60035FD5F /* [CP] Embed Pods Frameworks */ = {
			isa = PBXShellScriptBuildPhase;
			buildActionMask = 2147483647;
			files = (
			);
			inputFileListPaths = (
				"${PODS_ROOT}/Target Support Files/Pods-PawPics/Pods-PawPics-frameworks-${CONFIGURATION}-input-files.xcfilelist",
			);
			name = "[CP] Embed Pods Frameworks";
			outputFileListPaths = (
				"${PODS_ROOT}/Target Support Files/Pods-PawPics/Pods-PawPics-frameworks-${CONFIGURATION}-output-files.xcfilelist",
			);
			runOnlyForDeploymentPostprocessing = 0;
			shellPath = /bin/sh;
			shellScript = "\"${PODS_ROOT}/Target Support Files/Pods-PawPics/Pods-PawPics-frameworks.sh\"\n";
			showEnvVarsInLog = 0;
		};
		E71E8762252151451283ACC8 /* [CP] Check Pods Manifest.lock */ = {
			isa = PBXShellScriptBuildPhase;
			buildActionMask = 2147483647;
			files = (
			);
			inputFileListPaths = (
			);
			inputPaths = (
				"${PODS_PODFILE_DIR_PATH}/Podfile.lock",
				"${PODS_ROOT}/Manifest.lock",
			);
			name = "[CP] Check Pods Manifest.lock";
			outputFileListPaths = (
			);
			outputPaths = (
				"$(DERIVED_FILE_DIR)/Pods-PawPics-checkManifestLockResult.txt",
			);
			runOnlyForDeploymentPostprocessing = 0;
			shellPath = /bin/sh;
			shellScript = "diff \"${PODS_PODFILE_DIR_PATH}/Podfile.lock\" \"${PODS_ROOT}/Manifest.lock\" > /dev/null\nif [ $? != 0 ] ; then\n    # print error to STDERR\n    echo \"error: The sandbox is not in sync with the Podfile.lock. Run 'pod install' or update your CocoaPods installation.\" >&2\n    exit 1\nfi\n# This output is used by Xcode 'outputs' to avoid re-running this script phase.\necho \"SUCCESS\" > \"${SCRIPT_OUTPUT_FILE_0}\"\n";
			showEnvVarsInLog = 0;
		};
/* End PBXShellScriptBuildPhase section */

/* Begin PBXSourcesBuildPhase section */
		BDDDF6B82C4BE5E700362DED /* Sources */ = {
			isa = PBXSourcesBuildPhase;
			buildActionMask = 2147483647;
			files = (
				BD5C18C62C4BF18D0095CCD0 /* HomeViewController.swift in Sources */,
				BD5C18C82C4BF1C80095CCD0 /* HomeViewModel.swift in Sources */,
				BD5C18C42C4BF0180095CCD0 /* GridViewController.swift in Sources */,
				BD5C18D22C4BF7270095CCD0 /* UIFont+Extension.swift in Sources */,
				BDDDF6C02C4BE5E700362DED /* AppDelegate.swift in Sources */,
			);
			runOnlyForDeploymentPostprocessing = 0;
		};
/* End PBXSourcesBuildPhase section */

/* Begin PBXVariantGroup section */
		BDDDF6C52C4BE5E700362DED /* Main.storyboard */ = {
			isa = PBXVariantGroup;
			children = (
				BDDDF6C62C4BE5E700362DED /* Base */,
			);
			name = Main.storyboard;
			sourceTree = "<group>";
		};
		BDDDF6CA2C4BE5E900362DED /* LaunchScreen.storyboard */ = {
			isa = PBXVariantGroup;
			children = (
				BDDDF6CB2C4BE5E900362DED /* Base */,
			);
			name = LaunchScreen.storyboard;
			sourceTree = "<group>";
		};
/* End PBXVariantGroup section */

/* Begin XCBuildConfiguration section */
		BDDDF6CE2C4BE5E900362DED /* Debug */ = {
			isa = XCBuildConfiguration;
			buildSettings = {
				ALWAYS_SEARCH_USER_PATHS = NO;
				ASSETCATALOG_COMPILER_GENERATE_SWIFT_ASSET_SYMBOL_EXTENSIONS = YES;
				CLANG_ANALYZER_NONNULL = YES;
				CLANG_ANALYZER_NUMBER_OBJECT_CONVERSION = YES_AGGRESSIVE;
				CLANG_CXX_LANGUAGE_STANDARD = "gnu++20";
				CLANG_ENABLE_MODULES = YES;
				CLANG_ENABLE_OBJC_ARC = YES;
				CLANG_ENABLE_OBJC_WEAK = YES;
				CLANG_WARN_BLOCK_CAPTURE_AUTORELEASING = YES;
				CLANG_WARN_BOOL_CONVERSION = YES;
				CLANG_WARN_COMMA = YES;
				CLANG_WARN_CONSTANT_CONVERSION = YES;
				CLANG_WARN_DEPRECATED_OBJC_IMPLEMENTATIONS = YES;
				CLANG_WARN_DIRECT_OBJC_ISA_USAGE = YES_ERROR;
				CLANG_WARN_DOCUMENTATION_COMMENTS = YES;
				CLANG_WARN_EMPTY_BODY = YES;
				CLANG_WARN_ENUM_CONVERSION = YES;
				CLANG_WARN_INFINITE_RECURSION = YES;
				CLANG_WARN_INT_CONVERSION = YES;
				CLANG_WARN_NON_LITERAL_NULL_CONVERSION = YES;
				CLANG_WARN_OBJC_IMPLICIT_RETAIN_SELF = YES;
				CLANG_WARN_OBJC_LITERAL_CONVERSION = YES;
				CLANG_WARN_OBJC_ROOT_CLASS = YES_ERROR;
				CLANG_WARN_QUOTED_INCLUDE_IN_FRAMEWORK_HEADER = YES;
				CLANG_WARN_RANGE_LOOP_ANALYSIS = YES;
				CLANG_WARN_STRICT_PROTOTYPES = YES;
				CLANG_WARN_SUSPICIOUS_MOVE = YES;
				CLANG_WARN_UNGUARDED_AVAILABILITY = YES_AGGRESSIVE;
				CLANG_WARN_UNREACHABLE_CODE = YES;
				CLANG_WARN__DUPLICATE_METHOD_MATCH = YES;
				COPY_PHASE_STRIP = NO;
				DEBUG_INFORMATION_FORMAT = dwarf;
				ENABLE_STRICT_OBJC_MSGSEND = YES;
				ENABLE_TESTABILITY = YES;
				ENABLE_USER_SCRIPT_SANDBOXING = YES;
				GCC_C_LANGUAGE_STANDARD = gnu17;
				GCC_DYNAMIC_NO_PIC = NO;
				GCC_NO_COMMON_BLOCKS = YES;
				GCC_OPTIMIZATION_LEVEL = 0;
				GCC_PREPROCESSOR_DEFINITIONS = (
					"DEBUG=1",
					"$(inherited)",
				);
				GCC_WARN_64_TO_32_BIT_CONVERSION = YES;
				GCC_WARN_ABOUT_RETURN_TYPE = YES_ERROR;
				GCC_WARN_UNDECLARED_SELECTOR = YES;
				GCC_WARN_UNINITIALIZED_AUTOS = YES_AGGRESSIVE;
				GCC_WARN_UNUSED_FUNCTION = YES;
				GCC_WARN_UNUSED_VARIABLE = YES;
				IPHONEOS_DEPLOYMENT_TARGET = 12.0;
				LOCALIZATION_PREFERS_STRING_CATALOGS = YES;
				MTL_ENABLE_DEBUG_INFO = INCLUDE_SOURCE;
				MTL_FAST_MATH = YES;
				ONLY_ACTIVE_ARCH = YES;
				SDKROOT = iphoneos;
				SWIFT_ACTIVE_COMPILATION_CONDITIONS = "DEBUG $(inherited)";
				SWIFT_OPTIMIZATION_LEVEL = "-Onone";
			};
			name = Debug;
		};
		BDDDF6CF2C4BE5E900362DED /* Release */ = {
			isa = XCBuildConfiguration;
			buildSettings = {
				ALWAYS_SEARCH_USER_PATHS = NO;
				ASSETCATALOG_COMPILER_GENERATE_SWIFT_ASSET_SYMBOL_EXTENSIONS = YES;
				CLANG_ANALYZER_NONNULL = YES;
				CLANG_ANALYZER_NUMBER_OBJECT_CONVERSION = YES_AGGRESSIVE;
				CLANG_CXX_LANGUAGE_STANDARD = "gnu++20";
				CLANG_ENABLE_MODULES = YES;
				CLANG_ENABLE_OBJC_ARC = YES;
				CLANG_ENABLE_OBJC_WEAK = YES;
				CLANG_WARN_BLOCK_CAPTURE_AUTORELEASING = YES;
				CLANG_WARN_BOOL_CONVERSION = YES;
				CLANG_WARN_COMMA = YES;
				CLANG_WARN_CONSTANT_CONVERSION = YES;
				CLANG_WARN_DEPRECATED_OBJC_IMPLEMENTATIONS = YES;
				CLANG_WARN_DIRECT_OBJC_ISA_USAGE = YES_ERROR;
				CLANG_WARN_DOCUMENTATION_COMMENTS = YES;
				CLANG_WARN_EMPTY_BODY = YES;
				CLANG_WARN_ENUM_CONVERSION = YES;
				CLANG_WARN_INFINITE_RECURSION = YES;
				CLANG_WARN_INT_CONVERSION = YES;
				CLANG_WARN_NON_LITERAL_NULL_CONVERSION = YES;
				CLANG_WARN_OBJC_IMPLICIT_RETAIN_SELF = YES;
				CLANG_WARN_OBJC_LITERAL_CONVERSION = YES;
				CLANG_WARN_OBJC_ROOT_CLASS = YES_ERROR;
				CLANG_WARN_QUOTED_INCLUDE_IN_FRAMEWORK_HEADER = YES;
				CLANG_WARN_RANGE_LOOP_ANALYSIS = YES;
				CLANG_WARN_STRICT_PROTOTYPES = YES;
				CLANG_WARN_SUSPICIOUS_MOVE = YES;
				CLANG_WARN_UNGUARDED_AVAILABILITY = YES_AGGRESSIVE;
				CLANG_WARN_UNREACHABLE_CODE = YES;
				CLANG_WARN__DUPLICATE_METHOD_MATCH = YES;
				COPY_PHASE_STRIP = NO;
				DEBUG_INFORMATION_FORMAT = "dwarf-with-dsym";
				ENABLE_NS_ASSERTIONS = NO;
				ENABLE_STRICT_OBJC_MSGSEND = YES;
				ENABLE_USER_SCRIPT_SANDBOXING = YES;
				GCC_C_LANGUAGE_STANDARD = gnu17;
				GCC_NO_COMMON_BLOCKS = YES;
				GCC_WARN_64_TO_32_BIT_CONVERSION = YES;
				GCC_WARN_ABOUT_RETURN_TYPE = YES_ERROR;
				GCC_WARN_UNDECLARED_SELECTOR = YES;
				GCC_WARN_UNINITIALIZED_AUTOS = YES_AGGRESSIVE;
				GCC_WARN_UNUSED_FUNCTION = YES;
				GCC_WARN_UNUSED_VARIABLE = YES;
				IPHONEOS_DEPLOYMENT_TARGET = 12.0;
				LOCALIZATION_PREFERS_STRING_CATALOGS = YES;
				MTL_ENABLE_DEBUG_INFO = NO;
				MTL_FAST_MATH = YES;
				SDKROOT = iphoneos;
				SWIFT_COMPILATION_MODE = wholemodule;
				VALIDATE_PRODUCT = YES;
			};
			name = Release;
		};
		BDDDF6D12C4BE5E900362DED /* Debug */ = {
			isa = XCBuildConfiguration;
			baseConfigurationReference = 680F74F87D30E6944437DB5F /* Pods-PawPics.debug.xcconfig */;
			buildSettings = {
				ASSETCATALOG_COMPILER_APPICON_NAME = AppIcon;
				ASSETCATALOG_COMPILER_GLOBAL_ACCENT_COLOR_NAME = AccentColor;
				CODE_SIGN_STYLE = Automatic;
				CURRENT_PROJECT_VERSION = 1;
				DEVELOPMENT_TEAM = M2ZW353U39;
				ENABLE_USER_SCRIPT_SANDBOXING = NO;
				GENERATE_INFOPLIST_FILE = YES;
				INFOPLIST_FILE = PawPics/Info.plist;
				INFOPLIST_KEY_UIApplicationSupportsIndirectInputEvents = YES;
				INFOPLIST_KEY_UILaunchStoryboardName = LaunchScreen;
				INFOPLIST_KEY_UIMainStoryboardFile = Main;
				INFOPLIST_KEY_UISupportedInterfaceOrientations_iPad = "UIInterfaceOrientationPortrait UIInterfaceOrientationPortraitUpsideDown UIInterfaceOrientationLandscapeLeft UIInterfaceOrientationLandscapeRight";
				INFOPLIST_KEY_UISupportedInterfaceOrientations_iPhone = "UIInterfaceOrientationPortrait UIInterfaceOrientationLandscapeLeft UIInterfaceOrientationLandscapeRight";
				LD_RUNPATH_SEARCH_PATHS = (
					"$(inherited)",
					"@executable_path/Frameworks",
				);
				MARKETING_VERSION = 1.0;
				PRODUCT_BUNDLE_IDENTIFIER = com.kingk2.PawPics;
				PRODUCT_NAME = "$(TARGET_NAME)";
				SWIFT_EMIT_LOC_STRINGS = YES;
				SWIFT_VERSION = 5.0;
				TARGETED_DEVICE_FAMILY = "1,2";
			};
			name = Debug;
		};
		BDDDF6D22C4BE5E900362DED /* Release */ = {
			isa = XCBuildConfiguration;
			baseConfigurationReference = 722E029FF2B7513974DCE915 /* Pods-PawPics.release.xcconfig */;
			buildSettings = {
				ASSETCATALOG_COMPILER_APPICON_NAME = AppIcon;
				ASSETCATALOG_COMPILER_GLOBAL_ACCENT_COLOR_NAME = AccentColor;
				CODE_SIGN_STYLE = Automatic;
				CURRENT_PROJECT_VERSION = 1;
				DEVELOPMENT_TEAM = M2ZW353U39;
				ENABLE_USER_SCRIPT_SANDBOXING = NO;
				GENERATE_INFOPLIST_FILE = YES;
				INFOPLIST_FILE = PawPics/Info.plist;
				INFOPLIST_KEY_UIApplicationSupportsIndirectInputEvents = YES;
				INFOPLIST_KEY_UILaunchStoryboardName = LaunchScreen;
				INFOPLIST_KEY_UIMainStoryboardFile = Main;
				INFOPLIST_KEY_UISupportedInterfaceOrientations_iPad = "UIInterfaceOrientationPortrait UIInterfaceOrientationPortraitUpsideDown UIInterfaceOrientationLandscapeLeft UIInterfaceOrientationLandscapeRight";
				INFOPLIST_KEY_UISupportedInterfaceOrientations_iPhone = "UIInterfaceOrientationPortrait UIInterfaceOrientationLandscapeLeft UIInterfaceOrientationLandscapeRight";
				LD_RUNPATH_SEARCH_PATHS = (
					"$(inherited)",
					"@executable_path/Frameworks",
				);
				MARKETING_VERSION = 1.0;
				PRODUCT_BUNDLE_IDENTIFIER = com.kingk2.PawPics;
				PRODUCT_NAME = "$(TARGET_NAME)";
				SWIFT_EMIT_LOC_STRINGS = YES;
				SWIFT_VERSION = 5.0;
				TARGETED_DEVICE_FAMILY = "1,2";
			};
			name = Release;
		};
/* End XCBuildConfiguration section */

/* Begin XCConfigurationList section */
		BDDDF6B72C4BE5E700362DED /* Build configuration list for PBXProject "PawPics" */ = {
			isa = XCConfigurationList;
			buildConfigurations = (
				BDDDF6CE2C4BE5E900362DED /* Debug */,
				BDDDF6CF2C4BE5E900362DED /* Release */,
			);
			defaultConfigurationIsVisible = 0;
			defaultConfigurationName = Release;
		};
		BDDDF6D02C4BE5E900362DED /* Build configuration list for PBXNativeTarget "PawPics" */ = {
			isa = XCConfigurationList;
			buildConfigurations = (
				BDDDF6D12C4BE5E900362DED /* Debug */,
				BDDDF6D22C4BE5E900362DED /* Release */,
			);
			defaultConfigurationIsVisible = 0;
			defaultConfigurationName = Release;
		};
/* End XCConfigurationList section */
	};
	rootObject = BDDDF6B42C4BE5E700362DED /* Project object */;
}
